
Microsoft Visual Studio Solution File, Format Version 12.00
# Visual Studio Version 18
VisualStudioVersion = 18.5.11612.153
MinimumVisualStudioVersion = 10.0.40219.1
Project("{FAE04EC0-301F-11D3-BF4B-00C04F79EFBC}") = "Hoofdprogramma", "Hoofdprogramma\Hoofdprogramma.csproj", "{2C52903F-FD08-4201-AD7E-7E09461966FF}"
EndProject
Project("{FAE04EC0-301F-11D3-BF4B-00C04F79EFBC}") = "UnitTesten", "UnitTesten\UnitTesten.csproj", "{B14F5A23-D535-4CD5-8DD6-DCE66B63CCB5}"
EndProject
Project("{FAE04EC0-301F-11D3-BF4B-00C04F79EFBC}") = "Samenwerken", "Samenwerken\Samenwerken.csproj", "{55D23ACF-3015-4689-86DB-111678233F4E}"
EndProject
Project("{FAE04EC0-301F-11D3-BF4B-00C04F79EFBC}") = "Hoofdprogramma2", "Hoofdprogramma2\Hoofdprogramma2.csproj", "{378FD63B-CE2D-4110-B5C1-150708F7A03F}"
EndProject
Global
	GlobalSection(SolutionConfigurationPlatforms) = preSolution
		Debug|Any CPU = Debug|Any CPU
		Release|Any CPU = Release|Any CPU
	EndGlobalSection
	GlobalSection(ProjectConfigurationPlatforms) = postSolution
		{2C52903F-FD08-4201-AD7E-7E09461966FF}.Debug|Any CPU.ActiveCfg = Debug|Any CPU
		{2C52903F-FD08-4201-AD7E-7E09461966FF}.Debug|Any CPU.Build.0 = Debug|Any CPU
		{2C52903F-FD08-4201-AD7E-7E09461966FF}.Release|Any CPU.ActiveCfg = Release|Any CPU
		{2C52903F-FD08-4201-AD7E-7E09461966FF}.Release|Any CPU.Build.0 = Release|Any CPU
		{B14F5A23-D535-4CD5-8DD6-DCE66B63CCB5}.Debug|Any CPU.ActiveCfg = Debug|Any CPU
		{B14F5A23-D535-4CD5-8DD6-DCE66B63CCB5}.Debug|Any CPU.Build.0 = Debug|Any CPU
		{B14F5A23-D535-4CD5-8DD6-DCE66B63CCB5}.Release|Any CPU.ActiveCfg = Release|Any CPU
		{B14F5A23-D535-4CD5-8DD6-DCE66B63CCB5}.Release|Any CPU.Build.0 = Release|Any CPU
		{55D23ACF-3015-4689-86DB-111678233F4E}.Debug|Any CPU.ActiveCfg = Debug|Any CPU
		{55D23ACF-3015-4689-86DB-111678233F4E}.Debug|Any CPU.Build.0 = Debug|Any CPU
		{55D23ACF-3015-4689-86DB-111678233F4E}.Release|Any CPU.ActiveCfg = Release|Any CPU
		{55D23ACF-3015-4689-86DB-111678233F4E}.Release|Any CPU.Build.0 = Release|Any CPU
		{378FD63B-CE2D-4110-B5C1-150708F7A03F}.Debug|Any CPU.ActiveCfg = Debug|Any CPU
		{378FD63B-CE2D-4110-B5C1-150708F7A03F}.Debug|Any CPU.Build.0 = Debug|Any CPU
		{378FD63B-CE2D-4110-B5C1-150708F7A03F}.Release|Any CPU.ActiveCfg = Release|Any CPU
		{378FD63B-CE2D-4110-B5C1-150708F7A03F}.Release|Any CPU.Build.0 = Release|Any CPU
	EndGlobalSection
	GlobalSection(SolutionProperties) = preSolution
		HideSolutionNode = FALSE
	EndGlobalSection
	GlobalSection(ExtensibilityGlobals) = postSolution
		SolutionGuid = {6CB92EDF-0FDB-468C-AC0C-5149371D55F4}
	EndGlobalSection
EndGlobal
